
Microsoft Visual Studio Solution File, Format Version 12.00
# Visual Studio Version 17
VisualStudioVersion = 17.14.36203.30 d17.14
MinimumVisualStudioVersion = 10.0.40219.1
Project("{FAE04EC0-301F-11D3-BF4B-00C04F79EFBC}") = "Casino Royale Backend", "Casino Royale Backend\Casino Royale Backend.csproj", "{370A510D-517D-4BDD-8FBB-D30B5347DC5C}"
EndProject
Global
	GlobalSection(SolutionConfigurationPlatforms) = preSolution
		Debug|Any CPU = Debug|Any CPU
		Release|Any CPU = Release|Any CPU
	EndGlobalSection
	GlobalSection(ProjectConfigurationPlatforms) = postSolution
		{370A510D-517D-4BDD-8FBB-D30B5347DC5C}.Debug|Any CPU.ActiveCfg = Debug|Any CPU
		{370A510D-517D-4BDD-8FBB-D30B5347DC5C}.Debug|Any CPU.Build.0 = Debug|Any CPU
		{370A510D-517D-4BDD-8FBB-D30B5347DC5C}.Release|Any CPU.ActiveCfg = Release|Any CPU
		{370A510D-517D-4BDD-8FBB-D30B5347DC5C}.Release|Any CPU.Build.0 = Release|Any CPU
	EndGlobalSection
	GlobalSection(SolutionProperties) = preSolution
		HideSolutionNode = FALSE
	EndGlobalSection
	GlobalSection(ExtensibilityGlobals) = postSolution
		SolutionGuid = {C3AC489B-B751-423E-A7A9-546AEFAC66ED}
	EndGlobalSection
EndGlobal
